
Microsoft Visual Studio Solution File, Format Version 12.00
# Visual Studio Version 16
VisualStudioVersion = 16.0.31702.278
MinimumVisualStudioVersion = 10.0.40219.1
Project("{FAE04EC0-301F-11D3-BF4B-00C04F79EFBC}") = "OLS50C_RDK_Demo", "OLS50C_RDK_Demo\OLS50C_RDK_Demo.csproj", "{D932C3DD-97CA-4038-8E30-DF99C38EC5A7}"
EndProject
Global
	GlobalSection(SolutionConfigurationPlatforms) = preSolution
		Debug|Any CPU = Debug|Any CPU
		Release|Any CPU = Release|Any CPU
	EndGlobalSection
	GlobalSection(ProjectConfigurationPlatforms) = postSolution
		{D932C3DD-97CA-4038-8E30-DF99C38EC5A7}.Debug|Any CPU.ActiveCfg = Debug|Any CPU
		{D932C3DD-97CA-4038-8E30-DF99C38EC5A7}.Debug|Any CPU.Build.0 = Debug|Any CPU
		{D932C3DD-97CA-4038-8E30-DF99C38EC5A7}.Release|Any CPU.ActiveCfg = Release|Any CPU
		{D932C3DD-97CA-4038-8E30-DF99C38EC5A7}.Release|Any CPU.Build.0 = Release|Any CPU
	EndGlobalSection
	GlobalSection(SolutionProperties) = preSolution
		HideSolutionNode = FALSE
	EndGlobalSection
	GlobalSection(ExtensibilityGlobals) = postSolution
		SolutionGuid = {94471155-A835-42E5-B262-3AA6A8343270}
	EndGlobalSection
EndGlobal
